
Microsoft Visual Studio Solution File, Format Version 12.00
# Visual Studio Version 16
VisualStudioVersion = 16.0.30320.27
MinimumVisualStudioVersion = 10.0.40219.1
Project("{FAE04EC0-301F-11D3-BF4B-00C04F79EFBC}") = "AddressBookADO.net", "AddressBookADO.net\AddressBookADO.net.csproj", "{B91CAF02-4E17-406F-9C60-F7FEB450DEDB}"
EndProject
Global
	GlobalSection(SolutionConfigurationPlatforms) = preSolution
		Debug|Any CPU = Debug|Any CPU
		Release|Any CPU = Release|Any CPU
	EndGlobalSection
	GlobalSection(ProjectConfigurationPlatforms) = postSolution
		{B91CAF02-4E17-406F-9C60-F7FEB450DEDB}.Debug|Any CPU.ActiveCfg = Debug|Any CPU
		{B91CAF02-4E17-406F-9C60-F7FEB450DEDB}.Debug|Any CPU.Build.0 = Debug|Any CPU
		{B91CAF02-4E17-406F-9C60-F7FEB450DEDB}.Release|Any CPU.ActiveCfg = Release|Any CPU
		{B91CAF02-4E17-406F-9C60-F7FEB450DEDB}.Release|Any CPU.Build.0 = Release|Any CPU
	EndGlobalSection
	GlobalSection(SolutionProperties) = preSolution
		HideSolutionNode = FALSE
	EndGlobalSection
	GlobalSection(ExtensibilityGlobals) = postSolution
		SolutionGuid = {964DC019-4259-4BF4-B9A0-D3FEB8860B3A}
	EndGlobalSection
EndGlobal
